// !$*UTF8*$!
{
	archiveVersion = 1;
	classes = {
	};
	objectVersion = 50;
	objects = {

/* Begin PBXBuildFile section */
		DA826ADF25BDACEE009ED73A /* DTIAppGroup.m in Sources */ = {isa = PBXBuildFile; fileRef = DA826ADD25BDACEE009ED73A /* DTIAppGroup.m */; };
		DA826AE025BDACEE009ED73A /* DTIAppGroup.h in Headers */ = {isa = PBXBuildFile; fileRef = DA826ADE25BDACEE009ED73A /* DTIAppGroup.h */; settings = {ATTRIBUTES = (Public, ); }; };
		DAAD1D1125B43ECE00F6902D /* DTIAppController.m in Sources */ = {isa = PBXBuildFile; fileRef = DAAD1D1025B43ECE00F6902D /* DTIAppController.m */; };
		DAAD1D1325B43ECF00F6902D /* Assets.xcassets in Resources */ = {isa = PBXBuildFile; fileRef = DAAD1D1225B43ECF00F6902D /* Assets.xcassets */; };
		DAAD1D1625B43ECF00F6902D /* MainMenu.xib in Resources */ = {isa = PBXBuildFile; fileRef = DAAD1D1425B43ECF00F6902D /* MainMenu.xib */; };
		DAAD1D1925B43ECF00F6902D /* main.m in Sources */ = {isa = PBXBuildFile; fileRef = DAAD1D1825B43ECF00F6902D /* main.m */; };
		DAAD1D2F25B43F0400F6902D /* DesktopTimeKit.framework in Frameworks */ = {isa = PBXBuildFile; fileRef = DAAD1D2625B43F0400F6902D /* DesktopTimeKit.framework */; };
		DAAD1D3625B43F0400F6902D /* DesktopTimeKitTests.m in Sources */ = {isa = PBXBuildFile; fileRef = DAAD1D3525B43F0400F6902D /* DesktopTimeKitTests.m */; };
		DAAD1D3825B43F0400F6902D /* DesktopTimeKit.h in Headers */ = {isa = PBXBuildFile; fileRef = DAAD1D2825B43F0400F6902D /* DesktopTimeKit.h */; settings = {ATTRIBUTES = (Public, ); }; };
		DAAD1D3B25B43F0400F6902D /* DesktopTimeKit.framework in Frameworks */ = {isa = PBXBuildFile; fileRef = DAAD1D2625B43F0400F6902D /* DesktopTimeKit.framework */; };
		DAAD1D3C25B43F0400F6902D /* DesktopTimeKit.framework in Embed Frameworks */ = {isa = PBXBuildFile; fileRef = DAAD1D2625B43F0400F6902D /* DesktopTimeKit.framework */; settings = {ATTRIBUTES = (CodeSignOnCopy, RemoveHeadersOnCopy, ); }; };
		DABD506525C5640E00A28FB8 /* DTIPreferenceItem.m in Sources */ = {isa = PBXBuildFile; fileRef = DABD506425C5640E00A28FB8 /* DTIPreferenceItem.m */; };
		DABD506E25C5669B00A28FB8 /* DTIPreferencesViewController.m in Sources */ = {isa = PBXBuildFile; fileRef = DABD506D25C5669B00A28FB8 /* DTIPreferencesViewController.m */; };
		DABD508325C5AEB200A28FB8 /* DTILayoutPreferencesViewController.m in Sources */ = {isa = PBXBuildFile; fileRef = DABD508225C5AEB200A28FB8 /* DTILayoutPreferencesViewController.m */; };
		DABD508925C5B13700A28FB8 /* DTIDateTimePreferencesViewController.m in Sources */ = {isa = PBXBuildFile; fileRef = DABD508825C5B13700A28FB8 /* DTIDateTimePreferencesViewController.m */; };
		DABD508F25C5B14500A28FB8 /* DTIBatteryPreferencesViewController.m in Sources */ = {isa = PBXBuildFile; fileRef = DABD508E25C5B14500A28FB8 /* DTIBatteryPreferencesViewController.m */; };
		DABD50A825C5B3A100A28FB8 /* DTIPreferencesChildViewController.m in Sources */ = {isa = PBXBuildFile; fileRef = DABD50A025C5B39800A28FB8 /* DTIPreferencesChildViewController.m */; };
		DAC70DAB25C49BE9009787A1 /* DTIAppDelegate.m in Sources */ = {isa = PBXBuildFile; fileRef = DAC70DAA25C49BE9009787A1 /* DTIAppDelegate.m */; };
		DAC70DB025C49BEA009787A1 /* Assets.xcassets in Resources */ = {isa = PBXBuildFile; fileRef = DAC70DAF25C49BEA009787A1 /* Assets.xcassets */; };
		DAC70DB325C49BEA009787A1 /* Main.storyboard in Resources */ = {isa = PBXBuildFile; fileRef = DAC70DB125C49BEA009787A1 /* Main.storyboard */; };
		DAC70DB625C49BEA009787A1 /* main.m in Sources */ = {isa = PBXBuildFile; fileRef = DAC70DB525C49BEA009787A1 /* main.m */; };
		DAC70DC525C49C8D009787A1 /* DesktopTimeKit.framework in Frameworks */ = {isa = PBXBuildFile; fileRef = DAAD1D2625B43F0400F6902D /* DesktopTimeKit.framework */; };
		DAC70DD125C49D4B009787A1 /* DesktopTime Preferences.app in Embed Preferences */ = {isa = PBXBuildFile; fileRef = DAC70DA725C49BE9009787A1 /* DesktopTime Preferences.app */; settings = {ATTRIBUTES = (RemoveHeadersOnCopy, ); }; };
		DAC70DE725C49E4D009787A1 /* DTIPreferencesWindowController.m in Sources */ = {isa = PBXBuildFile; fileRef = DAC70DE625C49E4D009787A1 /* DTIPreferencesWindowController.m */; };
		DAC70DF125C550D0009787A1 /* DTINotificationCenter.h in Headers */ = {isa = PBXBuildFile; fileRef = DAC70DEF25C550D0009787A1 /* DTINotificationCenter.h */; settings = {ATTRIBUTES = (Public, ); }; };
		DAC70DF225C550D0009787A1 /* DTINotificationCenter.m in Sources */ = {isa = PBXBuildFile; fileRef = DAC70DF025C550D0009787A1 /* DTINotificationCenter.m */; };
		DAC70E0E25C55175009787A1 /* DTIDefaultsProvider.h in Headers */ = {isa = PBXBuildFile; fileRef = DAC70E0625C55175009787A1 /* DTIDefaultsProvider.h */; settings = {ATTRIBUTES = (Public, ); }; };
		DAC70E0F25C55175009787A1 /* NSURL+DTIPreferences.m in Sources */ = {isa = PBXBuildFile; fileRef = DAC70E0825C55175009787A1 /* NSURL+DTIPreferences.m */; };
		DAC70E1025C55175009787A1 /* NSWorkspace+DTIPreferences.m in Sources */ = {isa = PBXBuildFile; fileRef = DAC70E0925C55175009787A1 /* NSWorkspace+DTIPreferences.m */; };
		DAC70E1125C55175009787A1 /* NSWorkspace+DTIPreferences.h in Headers */ = {isa = PBXBuildFile; fileRef = DAC70E0A25C55175009787A1 /* NSWorkspace+DTIPreferences.h */; settings = {ATTRIBUTES = (Public, ); }; };
		DAC70E1225C55175009787A1 /* NSURL+DTIPreferences.h in Headers */ = {isa = PBXBuildFile; fileRef = DAC70E0B25C55175009787A1 /* NSURL+DTIPreferences.h */; settings = {ATTRIBUTES = (Public, ); }; };
		DAC70E1325C55175009787A1 /* DTIPreferences.h in Headers */ = {isa = PBXBuildFile; fileRef = DAC70E0C25C55175009787A1 /* DTIPreferences.h */; settings = {ATTRIBUTES = (Public, ); }; };
		DAC70E1425C55175009787A1 /* DTIPreferences.m in Sources */ = {isa = PBXBuildFile; fileRef = DAC70E0D25C55175009787A1 /* DTIPreferences.m */; };
		DAF8E60E25B4465F00E3FA43 /* DTITimeWindowController.m in Sources */ = {isa = PBXBuildFile; fileRef = DAF8E60C25B4465F00E3FA43 /* DTITimeWindowController.m */; };
		DAF8E60F25B4465F00E3FA43 /* DTITimeWindowController.xib in Resources */ = {isa = PBXBuildFile; fileRef = DAF8E60D25B4465F00E3FA43 /* DTITimeWindowController.xib */; };
		DAF8E61E25B451E700E3FA43 /* DTIBatteryStatus.m in Sources */ = {isa = PBXBuildFile; fileRef = DAF8E61C25B451E700E3FA43 /* DTIBatteryStatus.m */; };
		DAF8E61F25B451E700E3FA43 /* DTIBatteryStatus.h in Headers */ = {isa = PBXBuildFile; fileRef = DAF8E61D25B451E700E3FA43 /* DTIBatteryStatus.h */; settings = {ATTRIBUTES = (Public, ); }; };
/* End PBXBuildFile section */

/* Begin PBXContainerItemProxy section */
		DAAD1D3025B43F0400F6902D /* PBXContainerItemProxy */ = {
			isa = PBXContainerItemProxy;
			containerPortal = DAAD1D0425B43ECE00F6902D /* Project object */;
			proxyType = 1;
			remoteGlobalIDString = DAAD1D2525B43F0400F6902D;
			remoteInfo = DesktopTimeKit;
		};
		DAAD1D3225B43F0400F6902D /* PBXContainerItemProxy */ = {
			isa = PBXContainerItemProxy;
			containerPortal = DAAD1D0425B43ECE00F6902D /* Project object */;
			proxyType = 1;
			remoteGlobalIDString = DAAD1D0B25B43ECE00F6902D;
			remoteInfo = DesktopTime;
		};
		DAAD1D3925B43F0400F6902D /* PBXContainerItemProxy */ = {
			isa = PBXContainerItemProxy;
			containerPortal = DAAD1D0425B43ECE00F6902D /* Project object */;
			proxyType = 1;
			remoteGlobalIDString = DAAD1D2525B43F0400F6902D;
			remoteInfo = DesktopTimeKit;
		};
		DAC70DC725C49C8D009787A1 /* PBXContainerItemProxy */ = {
			isa = PBXContainerItemProxy;
			containerPortal = DAAD1D0425B43ECE00F6902D /* Project object */;
			proxyType = 1;
			remoteGlobalIDString = DAAD1D2525B43F0400F6902D;
			remoteInfo = DesktopTimeKit;
		};
/* End PBXContainerItemProxy section */

/* Begin PBXCopyFilesBuildPhase section */
		DAAD1D4025B43F0400F6902D /* Embed Frameworks */ = {
			isa = PBXCopyFilesBuildPhase;
			buildActionMask = 2147483647;
			dstPath = "";
			dstSubfolderSpec = 10;
			files = (
				DAAD1D3C25B43F0400F6902D /* DesktopTimeKit.framework in Embed Frameworks */,
			);
			name = "Embed Frameworks";
			runOnlyForDeploymentPostprocessing = 0;
		};
		DAC70DD025C49D39009787A1 /* Embed Preferences */ = {
			isa = PBXCopyFilesBuildPhase;
			buildActionMask = 2147483647;
			dstPath = "";
			dstSubfolderSpec = 6;
			files = (
				DAC70DD125C49D4B009787A1 /* DesktopTime Preferences.app in Embed Preferences */,
			);
			name = "Embed Preferences";
			runOnlyForDeploymentPostprocessing = 0;
		};
/* End PBXCopyFilesBuildPhase section */

/* Begin PBXFileReference section */
		DA826ADD25BDACEE009ED73A /* DTIAppGroup.m */ = {isa = PBXFileReference; fileEncoding = 4; lastKnownFileType = sourcecode.c.objc; path = DTIAppGroup.m; sourceTree = "<group>"; };
		DA826ADE25BDACEE009ED73A /* DTIAppGroup.h */ = {isa = PBXFileReference; fileEncoding = 4; lastKnownFileType = sourcecode.c.h; path = DTIAppGroup.h; sourceTree = "<group>"; };
		DAAD1D0C25B43ECE00F6902D /* DesktopTime.app */ = {isa = PBXFileReference; explicitFileType = wrapper.application; includeInIndex = 0; path = DesktopTime.app; sourceTree = BUILT_PRODUCTS_DIR; };
		DAAD1D0F25B43ECE00F6902D /* DTIAppController.h */ = {isa = PBXFileReference; lastKnownFileType = sourcecode.c.h; path = DTIAppController.h; sourceTree = "<group>"; };
		DAAD1D1025B43ECE00F6902D /* DTIAppController.m */ = {isa = PBXFileReference; lastKnownFileType = sourcecode.c.objc; path = DTIAppController.m; sourceTree = "<group>"; };
		DAAD1D1225B43ECF00F6902D /* Assets.xcassets */ = {isa = PBXFileReference; lastKnownFileType = folder.assetcatalog; path = Assets.xcassets; sourceTree = "<group>"; };
		DAAD1D1525B43ECF00F6902D /* Base */ = {isa = PBXFileReference; lastKnownFileType = file.xib; name = Base; path = Base.lproj/MainMenu.xib; sourceTree = "<group>"; };
		DAAD1D1725B43ECF00F6902D /* Info.plist */ = {isa = PBXFileReference; lastKnownFileType = text.plist.xml; path = Info.plist; sourceTree = "<group>"; };
		DAAD1D1825B43ECF00F6902D /* main.m */ = {isa = PBXFileReference; lastKnownFileType = sourcecode.c.objc; path = main.m; sourceTree = "<group>"; };
		DAAD1D1A25B43ECF00F6902D /* DesktopTime.entitlements */ = {isa = PBXFileReference; lastKnownFileType = text.plist.entitlements; path = DesktopTime.entitlements; sourceTree = "<group>"; };
		DAAD1D2625B43F0400F6902D /* DesktopTimeKit.framework */ = {isa = PBXFileReference; explicitFileType = wrapper.framework; includeInIndex = 0; path = DesktopTimeKit.framework; sourceTree = BUILT_PRODUCTS_DIR; };
		DAAD1D2825B43F0400F6902D /* DesktopTimeKit.h */ = {isa = PBXFileReference; lastKnownFileType = sourcecode.c.h; path = DesktopTimeKit.h; sourceTree = "<group>"; };
		DAAD1D2925B43F0400F6902D /* Info.plist */ = {isa = PBXFileReference; lastKnownFileType = text.plist.xml; path = Info.plist; sourceTree = "<group>"; };
		DAAD1D2E25B43F0400F6902D /* DesktopTimeKitTests.xctest */ = {isa = PBXFileReference; explicitFileType = wrapper.cfbundle; includeInIndex = 0; path = DesktopTimeKitTests.xctest; sourceTree = BUILT_PRODUCTS_DIR; };
		DAAD1D3525B43F0400F6902D /* DesktopTimeKitTests.m */ = {isa = PBXFileReference; lastKnownFileType = sourcecode.c.objc; path = DesktopTimeKitTests.m; sourceTree = "<group>"; };
		DAAD1D3725B43F0400F6902D /* Info.plist */ = {isa = PBXFileReference; lastKnownFileType = text.plist.xml; path = Info.plist; sourceTree = "<group>"; };
		DABD506325C5640E00A28FB8 /* DTIPreferenceItem.h */ = {isa = PBXFileReference; lastKnownFileType = sourcecode.c.h; path = DTIPreferenceItem.h; sourceTree = "<group>"; };
		DABD506425C5640E00A28FB8 /* DTIPreferenceItem.m */ = {isa = PBXFileReference; lastKnownFileType = sourcecode.c.objc; path = DTIPreferenceItem.m; sourceTree = "<group>"; };
		DABD506C25C5669B00A28FB8 /* DTIPreferencesViewController.h */ = {isa = PBXFileReference; lastKnownFileType = sourcecode.c.h; path = DTIPreferencesViewController.h; sourceTree = "<group>"; };
		DABD506D25C5669B00A28FB8 /* DTIPreferencesViewController.m */ = {isa = PBXFileReference; lastKnownFileType = sourcecode.c.objc; path = DTIPreferencesViewController.m; sourceTree = "<group>"; };
		DABD508125C5AEB200A28FB8 /* DTILayoutPreferencesViewController.h */ = {isa = PBXFileReference; lastKnownFileType = sourcecode.c.h; path = DTILayoutPreferencesViewController.h; sourceTree = "<group>"; };
		DABD508225C5AEB200A28FB8 /* DTILayoutPreferencesViewController.m */ = {isa = PBXFileReference; lastKnownFileType = sourcecode.c.objc; path = DTILayoutPreferencesViewController.m; sourceTree = "<group>"; };
		DABD508725C5B13700A28FB8 /* DTIDateTimePreferencesViewController.h */ = {isa = PBXFileReference; lastKnownFileType = sourcecode.c.h; path = DTIDateTimePreferencesViewController.h; sourceTree = "<group>"; };
		DABD508825C5B13700A28FB8 /* DTIDateTimePreferencesViewController.m */ = {isa = PBXFileReference; lastKnownFileType = sourcecode.c.objc; path = DTIDateTimePreferencesViewController.m; sourceTree = "<group>"; };
		DABD508D25C5B14500A28FB8 /* DTIBatteryPreferencesViewController.h */ = {isa = PBXFileReference; lastKnownFileType = sourcecode.c.h; path = DTIBatteryPreferencesViewController.h; sourceTree = "<group>"; };
		DABD508E25C5B14500A28FB8 /* DTIBatteryPreferencesViewController.m */ = {isa = PBXFileReference; lastKnownFileType = sourcecode.c.objc; path = DTIBatteryPreferencesViewController.m; sourceTree = "<group>"; };
		DABD509F25C5B39800A28FB8 /* DTIPreferencesChildViewController.h */ = {isa = PBXFileReference; lastKnownFileType = sourcecode.c.h; path = DTIPreferencesChildViewController.h; sourceTree = "<group>"; };
		DABD50A025C5B39800A28FB8 /* DTIPreferencesChildViewController.m */ = {isa = PBXFileReference; lastKnownFileType = sourcecode.c.objc; path = DTIPreferencesChildViewController.m; sourceTree = "<group>"; };
		DABD50AC25C5B47A00A28FB8 /* DTIPreferencesChildViewControllers.h */ = {isa = PBXFileReference; lastKnownFileType = sourcecode.c.h; path = DTIPreferencesChildViewControllers.h; sourceTree = "<group>"; };
		DAC70DA725C49BE9009787A1 /* DesktopTime Preferences.app */ = {isa = PBXFileReference; explicitFileType = wrapper.application; includeInIndex = 0; path = "DesktopTime Preferences.app"; sourceTree = BUILT_PRODUCTS_DIR; };
		DAC70DA925C49BE9009787A1 /* DTIAppDelegate.h */ = {isa = PBXFileReference; lastKnownFileType = sourcecode.c.h; path = DTIAppDelegate.h; sourceTree = "<group>"; };
		DAC70DAA25C49BE9009787A1 /* DTIAppDelegate.m */ = {isa = PBXFileReference; lastKnownFileType = sourcecode.c.objc; path = DTIAppDelegate.m; sourceTree = "<group>"; };
		DAC70DAF25C49BEA009787A1 /* Assets.xcassets */ = {isa = PBXFileReference; lastKnownFileType = folder.assetcatalog; path = Assets.xcassets; sourceTree = "<group>"; };
		DAC70DB225C49BEA009787A1 /* Base */ = {isa = PBXFileReference; lastKnownFileType = file.storyboard; name = Base; path = Base.lproj/Main.storyboard; sourceTree = "<group>"; };
		DAC70DB425C49BEA009787A1 /* Info.plist */ = {isa = PBXFileReference; lastKnownFileType = text.plist.xml; path = Info.plist; sourceTree = "<group>"; };
		DAC70DB525C49BEA009787A1 /* main.m */ = {isa = PBXFileReference; lastKnownFileType = sourcecode.c.objc; path = main.m; sourceTree = "<group>"; };
		DAC70DB725C49BEA009787A1 /* DTIPreferences.entitlements */ = {isa = PBXFileReference; lastKnownFileType = text.plist.entitlements; path = DTIPreferences.entitlements; sourceTree = "<group>"; };
		DAC70DE525C49E4D009787A1 /* DTIPreferencesWindowController.h */ = {isa = PBXFileReference; lastKnownFileType = sourcecode.c.h; path = DTIPreferencesWindowController.h; sourceTree = "<group>"; };
		DAC70DE625C49E4D009787A1 /* DTIPreferencesWindowController.m */ = {isa = PBXFileReference; lastKnownFileType = sourcecode.c.objc; path = DTIPreferencesWindowController.m; sourceTree = "<group>"; };
		DAC70DEF25C550D0009787A1 /* DTINotificationCenter.h */ = {isa = PBXFileReference; fileEncoding = 4; lastKnownFileType = sourcecode.c.h; path = DTINotificationCenter.h; sourceTree = "<group>"; };
		DAC70DF025C550D0009787A1 /* DTINotificationCenter.m */ = {isa = PBXFileReference; fileEncoding = 4; lastKnownFileType = sourcecode.c.objc; path = DTINotificationCenter.m; sourceTree = "<group>"; };
		DAC70E0625C55175009787A1 /* DTIDefaultsProvider.h */ = {isa = PBXFileReference; fileEncoding = 4; lastKnownFileType = sourcecode.c.h; path = DTIDefaultsProvider.h; sourceTree = "<group>"; };
		DAC70E0825C55175009787A1 /* NSURL+DTIPreferences.m */ = {isa = PBXFileReference; fileEncoding = 4; lastKnownFileType = sourcecode.c.objc; path = "NSURL+DTIPreferences.m"; sourceTree = "<group>"; };
		DAC70E0925C55175009787A1 /* NSWorkspace+DTIPreferences.m */ = {isa = PBXFileReference; fileEncoding = 4; lastKnownFileType = sourcecode.c.objc; path = "NSWorkspace+DTIPreferences.m"; sourceTree = "<group>"; };
		DAC70E0A25C55175009787A1 /* NSWorkspace+DTIPreferences.h */ = {isa = PBXFileReference; fileEncoding = 4; lastKnownFileType = sourcecode.c.h; path = "NSWorkspace+DTIPreferences.h"; sourceTree = "<group>"; };
		DAC70E0B25C55175009787A1 /* NSURL+DTIPreferences.h */ = {isa = PBXFileReference; fileEncoding = 4; lastKnownFileType = sourcecode.c.h; path = "NSURL+DTIPreferences.h"; sourceTree = "<group>"; };
		DAC70E0C25C55175009787A1 /* DTIPreferences.h */ = {isa = PBXFileReference; fileEncoding = 4; lastKnownFileType = sourcecode.c.h; path = DTIPreferences.h; sourceTree = "<group>"; };
		DAC70E0D25C55175009787A1 /* DTIPreferences.m */ = {isa = PBXFileReference; fileEncoding = 4; lastKnownFileType = sourcecode.c.objc; path = DTIPreferences.m; sourceTree = "<group>"; };
		DAF8E5F625B4402000E3FA43 /* Configuration.xcconfig */ = {isa = PBXFileReference; lastKnownFileType = text.xcconfig; path = Configuration.xcconfig; sourceTree = SOURCE_ROOT; };
		DAF8E60B25B4465F00E3FA43 /* DTITimeWindowController.h */ = {isa = PBXFileReference; lastKnownFileType = sourcecode.c.h; path = DTITimeWindowController.h; sourceTree = "<group>"; };
		DAF8E60C25B4465F00E3FA43 /* DTITimeWindowController.m */ = {isa = PBXFileReference; lastKnownFileType = sourcecode.c.objc; path = DTITimeWindowController.m; sourceTree = "<group>"; };
		DAF8E60D25B4465F00E3FA43 /* DTITimeWindowController.xib */ = {isa = PBXFileReference; lastKnownFileType = file.xib; path = DTITimeWindowController.xib; sourceTree = "<group>"; };
		DAF8E61825B44AFD00E3FA43 /* DTIDefines.h */ = {isa = PBXFileReference; lastKnownFileType = sourcecode.c.h; path = DTIDefines.h; sourceTree = "<group>"; };
		DAF8E61C25B451E700E3FA43 /* DTIBatteryStatus.m */ = {isa = PBXFileReference; fileEncoding = 4; lastKnownFileType = sourcecode.c.objc; path = DTIBatteryStatus.m; sourceTree = "<group>"; };
		DAF8E61D25B451E700E3FA43 /* DTIBatteryStatus.h */ = {isa = PBXFileReference; fileEncoding = 4; lastKnownFileType = sourcecode.c.h; path = DTIBatteryStatus.h; sourceTree = "<group>"; };
		DAF8E63725B45D9A00E3FA43 /* de */ = {isa = PBXFileReference; lastKnownFileType = text.plist.strings; name = de; path = de.lproj/MainMenu.strings; sourceTree = "<group>"; };
		DAF8E63925B45D9B00E3FA43 /* fr */ = {isa = PBXFileReference; lastKnownFileType = text.plist.strings; name = fr; path = fr.lproj/MainMenu.strings; sourceTree = "<group>"; };
/* End PBXFileReference section */

/* Begin PBXFrameworksBuildPhase section */
		DAAD1D0925B43ECE00F6902D /* Frameworks */ = {
			isa = PBXFrameworksBuildPhase;
			buildActionMask = 2147483647;
			files = (
				DAAD1D3B25B43F0400F6902D /* DesktopTimeKit.framework in Frameworks */,
			);
			runOnlyForDeploymentPostprocessing = 0;
		};
		DAAD1D2325B43F0400F6902D /* Frameworks */ = {
			isa = PBXFrameworksBuildPhase;
			buildActionMask = 2147483647;
			files = (
			);
			runOnlyForDeploymentPostprocessing = 0;
		};
		DAAD1D2B25B43F0400F6902D /* Frameworks */ = {
			isa = PBXFrameworksBuildPhase;
			buildActionMask = 2147483647;
			files = (
				DAAD1D2F25B43F0400F6902D /* DesktopTimeKit.framework in Frameworks */,
			);
			runOnlyForDeploymentPostprocessing = 0;
		};
		DAC70DA425C49BE9009787A1 /* Frameworks */ = {
			isa = PBXFrameworksBuildPhase;
			buildActionMask = 2147483647;
			files = (
				DAC70DC525C49C8D009787A1 /* DesktopTimeKit.framework in Frameworks */,
			);
			runOnlyForDeploymentPostprocessing = 0;
		};
/* End PBXFrameworksBuildPhase section */

/* Begin PBXGroup section */
		DA826ADC25BDACEE009ED73A /* DTIAppGroup */ = {
			isa = PBXGroup;
			children = (
				DA826ADE25BDACEE009ED73A /* DTIAppGroup.h */,
				DA826ADD25BDACEE009ED73A /* DTIAppGroup.m */,
			);
			path = DTIAppGroup;
			sourceTree = "<group>";
		};
		DAAD1D0325B43ECE00F6902D = {
			isa = PBXGroup;
			children = (
				DAAD1D0E25B43ECE00F6902D /* DesktopTime */,
				DAC70DA825C49BE9009787A1 /* DTIPreferences */,
				DAAD1D2725B43F0400F6902D /* DesktopTimeKit */,
				DAAD1D3425B43F0400F6902D /* DesktopTimeKitTests */,
				DAAD1D0D25B43ECE00F6902D /* Products */,
				DAC70DC425C49C8D009787A1 /* Frameworks */,
			);
			sourceTree = "<group>";
		};
		DAAD1D0D25B43ECE00F6902D /* Products */ = {
			isa = PBXGroup;
			children = (
				DAAD1D0C25B43ECE00F6902D /* DesktopTime.app */,
				DAAD1D2625B43F0400F6902D /* DesktopTimeKit.framework */,
				DAAD1D2E25B43F0400F6902D /* DesktopTimeKitTests.xctest */,
				DAC70DA725C49BE9009787A1 /* DesktopTime Preferences.app */,
			);
			name = Products;
			sourceTree = "<group>";
		};
		DAAD1D0E25B43ECE00F6902D /* DesktopTime */ = {
			isa = PBXGroup;
			children = (
				DAAD1D0F25B43ECE00F6902D /* DTIAppController.h */,
				DAAD1D1025B43ECE00F6902D /* DTIAppController.m */,
				DAF8E60B25B4465F00E3FA43 /* DTITimeWindowController.h */,
				DAF8E60C25B4465F00E3FA43 /* DTITimeWindowController.m */,
				DAF8E60D25B4465F00E3FA43 /* DTITimeWindowController.xib */,
				DAF8E5F525B43FFA00E3FA43 /* Other… */,
			);
			path = DesktopTime;
			sourceTree = "<group>";
		};
		DAAD1D2725B43F0400F6902D /* DesktopTimeKit */ = {
			isa = PBXGroup;
			children = (
				DAAD1D2825B43F0400F6902D /* DesktopTimeKit.h */,
				DAF8E61B25B451E700E3FA43 /* KYABatteryStatus */,
				DA826ADC25BDACEE009ED73A /* DTIAppGroup */,
				DAC70E0525C55175009787A1 /* DTIPreferences */,
				DAC70DEE25C550D0009787A1 /* DTINotificationCenter */,
				DAAD1D2925B43F0400F6902D /* Info.plist */,
			);
			path = DesktopTimeKit;
			sourceTree = "<group>";
		};
		DAAD1D3425B43F0400F6902D /* DesktopTimeKitTests */ = {
			isa = PBXGroup;
			children = (
				DAAD1D3525B43F0400F6902D /* DesktopTimeKitTests.m */,
				DAAD1D3725B43F0400F6902D /* Info.plist */,
			);
			path = DesktopTimeKitTests;
			sourceTree = "<group>";
		};
		DABD509A25C5B36600A28FB8 /* DTIPreferencesViewController */ = {
			isa = PBXGroup;
			children = (
				DAC70DE525C49E4D009787A1 /* DTIPreferencesWindowController.h */,
				DAC70DE625C49E4D009787A1 /* DTIPreferencesWindowController.m */,
				DABD506C25C5669B00A28FB8 /* DTIPreferencesViewController.h */,
				DABD506D25C5669B00A28FB8 /* DTIPreferencesViewController.m */,
				DABD506325C5640E00A28FB8 /* DTIPreferenceItem.h */,
				DABD506425C5640E00A28FB8 /* DTIPreferenceItem.m */,
			);
			path = DTIPreferencesViewController;
			sourceTree = "<group>";
		};
		DABD509B25C5B37500A28FB8 /* DTIPreferencesChildViewController */ = {
			isa = PBXGroup;
			children = (
				DABD50AC25C5B47A00A28FB8 /* DTIPreferencesChildViewControllers.h */,
				DABD509F25C5B39800A28FB8 /* DTIPreferencesChildViewController.h */,
				DABD50A025C5B39800A28FB8 /* DTIPreferencesChildViewController.m */,
				DABD508125C5AEB200A28FB8 /* DTILayoutPreferencesViewController.h */,
				DABD508225C5AEB200A28FB8 /* DTILayoutPreferencesViewController.m */,
				DABD508725C5B13700A28FB8 /* DTIDateTimePreferencesViewController.h */,
				DABD508825C5B13700A28FB8 /* DTIDateTimePreferencesViewController.m */,
				DABD508D25C5B14500A28FB8 /* DTIBatteryPreferencesViewController.h */,
				DABD508E25C5B14500A28FB8 /* DTIBatteryPreferencesViewController.m */,
			);
			path = DTIPreferencesChildViewController;
			sourceTree = "<group>";
		};
		DAC70DA825C49BE9009787A1 /* DTIPreferences */ = {
			isa = PBXGroup;
			children = (
				DAC70DA925C49BE9009787A1 /* DTIAppDelegate.h */,
				DAC70DAA25C49BE9009787A1 /* DTIAppDelegate.m */,
				DAC70DB125C49BEA009787A1 /* Main.storyboard */,
				DABD509A25C5B36600A28FB8 /* DTIPreferencesViewController */,
				DABD509B25C5B37500A28FB8 /* DTIPreferencesChildViewController */,
				DAC70DAF25C49BEA009787A1 /* Assets.xcassets */,
				DAC70DDE25C49D9C009787A1 /* Other… */,
			);
			path = DTIPreferences;
			sourceTree = "<group>";
		};
		DAC70DC425C49C8D009787A1 /* Frameworks */ = {
			isa = PBXGroup;
			children = (
			);
			name = Frameworks;
			sourceTree = "<group>";
		};
		DAC70DDE25C49D9C009787A1 /* Other… */ = {
			isa = PBXGroup;
			children = (
				DAC70DB425C49BEA009787A1 /* Info.plist */,
				DAC70DB525C49BEA009787A1 /* main.m */,
				DAC70DB725C49BEA009787A1 /* DTIPreferences.entitlements */,
			);
			name = "Other…";
			sourceTree = "<group>";
		};
		DAC70DEE25C550D0009787A1 /* DTINotificationCenter */ = {
			isa = PBXGroup;
			children = (
				DAC70DEF25C550D0009787A1 /* DTINotificationCenter.h */,
				DAC70DF025C550D0009787A1 /* DTINotificationCenter.m */,
			);
			path = DTINotificationCenter;
			sourceTree = "<group>";
		};
		DAC70E0525C55175009787A1 /* DTIPreferences */ = {
			isa = PBXGroup;
			children = (
				DAC70E0625C55175009787A1 /* DTIDefaultsProvider.h */,
				DAC70E0C25C55175009787A1 /* DTIPreferences.h */,
				DAC70E0D25C55175009787A1 /* DTIPreferences.m */,
				DAC70E0725C55175009787A1 /* Extensions */,
			);
			path = DTIPreferences;
			sourceTree = "<group>";
		};
		DAC70E0725C55175009787A1 /* Extensions */ = {
			isa = PBXGroup;
			children = (
				DAC70E0B25C55175009787A1 /* NSURL+DTIPreferences.h */,
				DAC70E0825C55175009787A1 /* NSURL+DTIPreferences.m */,
				DAC70E0A25C55175009787A1 /* NSWorkspace+DTIPreferences.h */,
				DAC70E0925C55175009787A1 /* NSWorkspace+DTIPreferences.m */,
			);
			path = Extensions;
			sourceTree = "<group>";
		};
		DAF8E5F525B43FFA00E3FA43 /* Other… */ = {
			isa = PBXGroup;
			children = (
				DAAD1D1225B43ECF00F6902D /* Assets.xcassets */,
				DAF8E5F625B4402000E3FA43 /* Configuration.xcconfig */,
				DAAD1D1A25B43ECF00F6902D /* DesktopTime.entitlements */,
				DAF8E61825B44AFD00E3FA43 /* DTIDefines.h */,
				DAAD1D1725B43ECF00F6902D /* Info.plist */,
				DAAD1D1825B43ECF00F6902D /* main.m */,
				DAAD1D1425B43ECF00F6902D /* MainMenu.xib */,
			);
			name = "Other…";
			sourceTree = "<group>";
		};
		DAF8E61B25B451E700E3FA43 /* KYABatteryStatus */ = {
			isa = PBXGroup;
			children = (
				DAF8E61D25B451E700E3FA43 /* DTIBatteryStatus.h */,
				DAF8E61C25B451E700E3FA43 /* DTIBatteryStatus.m */,
			);
			path = KYABatteryStatus;
			sourceTree = "<group>";
		};
/* End PBXGroup section */

/* Begin PBXHeadersBuildPhase section */
		DAAD1D2125B43F0400F6902D /* Headers */ = {
			isa = PBXHeadersBuildPhase;
			buildActionMask = 2147483647;
			files = (
				DAC70E1325C55175009787A1 /* DTIPreferences.h in Headers */,
				DAF8E61F25B451E700E3FA43 /* DTIBatteryStatus.h in Headers */,
				DAC70DF125C550D0009787A1 /* DTINotificationCenter.h in Headers */,
				DA826AE025BDACEE009ED73A /* DTIAppGroup.h in Headers */,
				DAC70E1225C55175009787A1 /* NSURL+DTIPreferences.h in Headers */,
				DAC70E0E25C55175009787A1 /* DTIDefaultsProvider.h in Headers */,
				DAAD1D3825B43F0400F6902D /* DesktopTimeKit.h in Headers */,
				DAC70E1125C55175009787A1 /* NSWorkspace+DTIPreferences.h in Headers */,
			);
			runOnlyForDeploymentPostprocessing = 0;
		};
/* End PBXHeadersBuildPhase section */

/* Begin PBXNativeTarget section */
		DAAD1D0B25B43ECE00F6902D /* DesktopTime */ = {
			isa = PBXNativeTarget;
			buildConfigurationList = DAAD1D1D25B43ECF00F6902D /* Build configuration list for PBXNativeTarget "DesktopTime" */;
			buildPhases = (
				DAAD1D0825B43ECE00F6902D /* Sources */,
				DAAD1D0925B43ECE00F6902D /* Frameworks */,
				DAAD1D0A25B43ECE00F6902D /* Resources */,
				DAAD1D4025B43F0400F6902D /* Embed Frameworks */,
				DAC70DD025C49D39009787A1 /* Embed Preferences */,
			);
			buildRules = (
			);
			dependencies = (
				DAAD1D3A25B43F0400F6902D /* PBXTargetDependency */,
			);
			name = DesktopTime;
			productName = DesktopTime;
			productReference = DAAD1D0C25B43ECE00F6902D /* DesktopTime.app */;
			productType = "com.apple.product-type.application";
		};
		DAAD1D2525B43F0400F6902D /* DesktopTimeKit */ = {
			isa = PBXNativeTarget;
			buildConfigurationList = DAAD1D3D25B43F0400F6902D /* Build configuration list for PBXNativeTarget "DesktopTimeKit" */;
			buildPhases = (
				DAAD1D2125B43F0400F6902D /* Headers */,
				DAAD1D2225B43F0400F6902D /* Sources */,
				DAAD1D2325B43F0400F6902D /* Frameworks */,
				DAAD1D2425B43F0400F6902D /* Resources */,
			);
			buildRules = (
			);
			dependencies = (
			);
			name = DesktopTimeKit;
			productName = DesktopTimeKit;
			productReference = DAAD1D2625B43F0400F6902D /* DesktopTimeKit.framework */;
			productType = "com.apple.product-type.framework";
		};
		DAAD1D2D25B43F0400F6902D /* DesktopTimeKitTests */ = {
			isa = PBXNativeTarget;
			buildConfigurationList = DAAD1D4125B43F0400F6902D /* Build configuration list for PBXNativeTarget "DesktopTimeKitTests" */;
			buildPhases = (
				DAAD1D2A25B43F0400F6902D /* Sources */,
				DAAD1D2B25B43F0400F6902D /* Frameworks */,
				DAAD1D2C25B43F0400F6902D /* Resources */,
			);
			buildRules = (
			);
			dependencies = (
				DAAD1D3125B43F0400F6902D /* PBXTargetDependency */,
				DAAD1D3325B43F0400F6902D /* PBXTargetDependency */,
			);
			name = DesktopTimeKitTests;
			productName = DesktopTimeKitTests;
			productReference = DAAD1D2E25B43F0400F6902D /* DesktopTimeKitTests.xctest */;
			productType = "com.apple.product-type.bundle.unit-test";
		};
		DAC70DA625C49BE9009787A1 /* DesktopTime Preferences */ = {
			isa = PBXNativeTarget;
			buildConfigurationList = DAC70DBA25C49BEA009787A1 /* Build configuration list for PBXNativeTarget "DesktopTime Preferences" */;
			buildPhases = (
				DAC70DA325C49BE9009787A1 /* Sources */,
				DAC70DA425C49BE9009787A1 /* Frameworks */,
				DAC70DA525C49BE9009787A1 /* Resources */,
			);
			buildRules = (
			);
			dependencies = (
				DAC70DC825C49C8D009787A1 /* PBXTargetDependency */,
			);
			name = "DesktopTime Preferences";
			productName = DTIPreferences;
			productReference = DAC70DA725C49BE9009787A1 /* DesktopTime Preferences.app */;
			productType = "com.apple.product-type.application";
		};
/* End PBXNativeTarget section */

/* Begin PBXProject section */
		DAAD1D0425B43ECE00F6902D /* Project object */ = {
			isa = PBXProject;
			attributes = {
				CLASSPREFIX = DTI;
				LastUpgradeCheck = 1230;
				TargetAttributes = {
					DAAD1D0B25B43ECE00F6902D = {
						CreatedOnToolsVersion = 12.3;
					};
					DAAD1D2525B43F0400F6902D = {
						CreatedOnToolsVersion = 12.3;
					};
					DAAD1D2D25B43F0400F6902D = {
						CreatedOnToolsVersion = 12.3;
						TestTargetID = DAAD1D0B25B43ECE00F6902D;
					};
					DAC70DA625C49BE9009787A1 = {
						CreatedOnToolsVersion = 12.4;
					};
				};
			};
			buildConfigurationList = DAAD1D0725B43ECE00F6902D /* Build configuration list for PBXProject "DesktopTime" */;
			compatibilityVersion = "Xcode 9.3";
			developmentRegion = en;
			hasScannedForEncodings = 0;
			knownRegions = (
				en,
				Base,
				de,
				fr,
			);
			mainGroup = DAAD1D0325B43ECE00F6902D;
			productRefGroup = DAAD1D0D25B43ECE00F6902D /* Products */;
			projectDirPath = "";
			projectRoot = "";
			targets = (
				DAAD1D0B25B43ECE00F6902D /* DesktopTime */,
				DAC70DA625C49BE9009787A1 /* DesktopTime Preferences */,
				DAAD1D2525B43F0400F6902D /* DesktopTimeKit */,
				DAAD1D2D25B43F0400F6902D /* DesktopTimeKitTests */,
			);
		};
/* End PBXProject section */

/* Begin PBXResourcesBuildPhase section */
		DAAD1D0A25B43ECE00F6902D /* Resources */ = {
			isa = PBXResourcesBuildPhase;
			buildActionMask = 2147483647;
			files = (
				DAF8E60F25B4465F00E3FA43 /* DTITimeWindowController.xib in Resources */,
				DAAD1D1325B43ECF00F6902D /* Assets.xcassets in Resources */,
				DAAD1D1625B43ECF00F6902D /* MainMenu.xib in Resources */,
			);
			runOnlyForDeploymentPostprocessing = 0;
		};
		DAAD1D2425B43F0400F6902D /* Resources */ = {
			isa = PBXResourcesBuildPhase;
			buildActionMask = 2147483647;
			files = (
			);
			runOnlyForDeploymentPostprocessing = 0;
		};
		DAAD1D2C25B43F0400F6902D /* Resources */ = {
			isa = PBXResourcesBuildPhase;
			buildActionMask = 2147483647;
			files = (
			);
			runOnlyForDeploymentPostprocessing = 0;
		};
		DAC70DA525C49BE9009787A1 /* Resources */ = {
			isa = PBXResourcesBuildPhase;
			buildActionMask = 2147483647;
			files = (
				DAC70DB025C49BEA009787A1 /* Assets.xcassets in Resources */,
				DAC70DB325C49BEA009787A1 /* Main.storyboard in Resources */,
			);
			runOnlyForDeploymentPostprocessing = 0;
		};
/* End PBXResourcesBuildPhase section */

/* Begin PBXSourcesBuildPhase section */
		DAAD1D0825B43ECE00F6902D /* Sources */ = {
			isa = PBXSourcesBuildPhase;
			buildActionMask = 2147483647;
			files = (
				DAAD1D1925B43ECF00F6902D /* main.m in Sources */,
				DAF8E60E25B4465F00E3FA43 /* DTITimeWindowController.m in Sources */,
				DAAD1D1125B43ECE00F6902D /* DTIAppController.m in Sources */,
			);
			runOnlyForDeploymentPostprocessing = 0;
		};
		DAAD1D2225B43F0400F6902D /* Sources */ = {
			isa = PBXSourcesBuildPhase;
			buildActionMask = 2147483647;
			files = (
				DAC70E0F25C55175009787A1 /* NSURL+DTIPreferences.m in Sources */,
				DA826ADF25BDACEE009ED73A /* DTIAppGroup.m in Sources */,
				DAC70DF225C550D0009787A1 /* DTINotificationCenter.m in Sources */,
				DAF8E61E25B451E700E3FA43 /* DTIBatteryStatus.m in Sources */,
				DAC70E1025C55175009787A1 /* NSWorkspace+DTIPreferences.m in Sources */,
				DAC70E1425C55175009787A1 /* DTIPreferences.m in Sources */,
			);
			runOnlyForDeploymentPostprocessing = 0;
		};
		DAAD1D2A25B43F0400F6902D /* Sources */ = {
			isa = PBXSourcesBuildPhase;
			buildActionMask = 2147483647;
			files = (
				DAAD1D3625B43F0400F6902D /* DesktopTimeKitTests.m in Sources */,
			);
			runOnlyForDeploymentPostprocessing = 0;
		};
		DAC70DA325C49BE9009787A1 /* Sources */ = {
			isa = PBXSourcesBuildPhase;
			buildActionMask = 2147483647;
			files = (
				DAC70DE725C49E4D009787A1 /* DTIPreferencesWindowController.m in Sources */,
				DABD508325C5AEB200A28FB8 /* DTILayoutPreferencesViewController.m in Sources */,
				DAC70DB625C49BEA009787A1 /* main.m in Sources */,
				DAC70DAB25C49BE9009787A1 /* DTIAppDelegate.m in Sources */,
				DABD50A825C5B3A100A28FB8 /* DTIPreferencesChildViewController.m in Sources */,
				DABD508925C5B13700A28FB8 /* DTIDateTimePreferencesViewController.m in Sources */,
				DABD508F25C5B14500A28FB8 /* DTIBatteryPreferencesViewController.m in Sources */,
				DABD506E25C5669B00A28FB8 /* DTIPreferencesViewController.m in Sources */,
				DABD506525C5640E00A28FB8 /* DTIPreferenceItem.m in Sources */,
			);
			runOnlyForDeploymentPostprocessing = 0;
		};
/* End PBXSourcesBuildPhase section */

/* Begin PBXTargetDependency section */
		DAAD1D3125B43F0400F6902D /* PBXTargetDependency */ = {
			isa = PBXTargetDependency;
			target = DAAD1D2525B43F0400F6902D /* DesktopTimeKit */;
			targetProxy = DAAD1D3025B43F0400F6902D /* PBXContainerItemProxy */;
		};
		DAAD1D3325B43F0400F6902D /* PBXTargetDependency */ = {
			isa = PBXTargetDependency;
			target = DAAD1D0B25B43ECE00F6902D /* DesktopTime */;
			targetProxy = DAAD1D3225B43F0400F6902D /* PBXContainerItemProxy */;
		};
		DAAD1D3A25B43F0400F6902D /* PBXTargetDependency */ = {
			isa = PBXTargetDependency;
			target = DAAD1D2525B43F0400F6902D /* DesktopTimeKit */;
			targetProxy = DAAD1D3925B43F0400F6902D /* PBXContainerItemProxy */;
		};
		DAC70DC825C49C8D009787A1 /* PBXTargetDependency */ = {
			isa = PBXTargetDependency;
			target = DAAD1D2525B43F0400F6902D /* DesktopTimeKit */;
			targetProxy = DAC70DC725C49C8D009787A1 /* PBXContainerItemProxy */;
		};
/* End PBXTargetDependency section */

/* Begin PBXVariantGroup section */
		DAAD1D1425B43ECF00F6902D /* MainMenu.xib */ = {
			isa = PBXVariantGroup;
			children = (
				DAAD1D1525B43ECF00F6902D /* Base */,
				DAF8E63725B45D9A00E3FA43 /* de */,
				DAF8E63925B45D9B00E3FA43 /* fr */,
			);
			name = MainMenu.xib;
			sourceTree = "<group>";
		};
		DAC70DB125C49BEA009787A1 /* Main.storyboard */ = {
			isa = PBXVariantGroup;
			children = (
				DAC70DB225C49BEA009787A1 /* Base */,
			);
			name = Main.storyboard;
			sourceTree = "<group>";
		};
/* End PBXVariantGroup section */

/* Begin XCBuildConfiguration section */
		DAAD1D1B25B43ECF00F6902D /* Debug */ = {
			isa = XCBuildConfiguration;
			baseConfigurationReference = DAF8E5F625B4402000E3FA43 /* Configuration.xcconfig */;
			buildSettings = {
				ALWAYS_SEARCH_USER_PATHS = NO;
				CLANG_ANALYZER_LOCALIZABILITY_NONLOCALIZED = YES;
				CLANG_ANALYZER_NONNULL = YES;
				CLANG_ANALYZER_NUMBER_OBJECT_CONVERSION = YES_AGGRESSIVE;
				CLANG_CXX_LANGUAGE_STANDARD = "gnu++17";
				CLANG_CXX_LIBRARY = "libc++";
				CLANG_ENABLE_MODULES = YES;
				CLANG_ENABLE_OBJC_ARC = YES;
				CLANG_ENABLE_OBJC_WEAK = YES;
				CLANG_WARN_BLOCK_CAPTURE_AUTORELEASING = YES;
				CLANG_WARN_BOOL_CONVERSION = YES;
				CLANG_WARN_COMMA = YES;
				CLANG_WARN_CONSTANT_CONVERSION = YES;
				CLANG_WARN_DEPRECATED_OBJC_IMPLEMENTATIONS = YES;
				CLANG_WARN_DIRECT_OBJC_ISA_USAGE = YES_ERROR;
				CLANG_WARN_DOCUMENTATION_COMMENTS = YES;
				CLANG_WARN_EMPTY_BODY = YES;
				CLANG_WARN_ENUM_CONVERSION = YES;
				CLANG_WARN_INFINITE_RECURSION = YES;
				CLANG_WARN_INT_CONVERSION = YES;
				CLANG_WARN_NON_LITERAL_NULL_CONVERSION = YES;
				CLANG_WARN_OBJC_IMPLICIT_RETAIN_SELF = YES;
				CLANG_WARN_OBJC_LITERAL_CONVERSION = YES;
				CLANG_WARN_OBJC_ROOT_CLASS = YES_ERROR;
				CLANG_WARN_QUOTED_INCLUDE_IN_FRAMEWORK_HEADER = YES;
				CLANG_WARN_RANGE_LOOP_ANALYSIS = YES;
				CLANG_WARN_STRICT_PROTOTYPES = YES;
				CLANG_WARN_SUSPICIOUS_MOVE = YES;
				CLANG_WARN_UNGUARDED_AVAILABILITY = YES_AGGRESSIVE;
				CLANG_WARN_UNREACHABLE_CODE = YES;
				CLANG_WARN__DUPLICATE_METHOD_MATCH = YES;
				COPY_PHASE_STRIP = NO;
				DEBUG_INFORMATION_FORMAT = dwarf;
				ENABLE_STRICT_OBJC_MSGSEND = YES;
				ENABLE_TESTABILITY = YES;
				GCC_C_LANGUAGE_STANDARD = gnu11;
				GCC_DYNAMIC_NO_PIC = NO;
				GCC_NO_COMMON_BLOCKS = YES;
				GCC_OPTIMIZATION_LEVEL = 0;
				GCC_PREPROCESSOR_DEFINITIONS = (
					"DEBUG=1",
					"$(inherited)",
				);
				GCC_WARN_64_TO_32_BIT_CONVERSION = YES;
				GCC_WARN_ABOUT_RETURN_TYPE = YES_ERROR;
				GCC_WARN_UNDECLARED_SELECTOR = YES;
				GCC_WARN_UNINITIALIZED_AUTOS = YES_AGGRESSIVE;
				GCC_WARN_UNUSED_FUNCTION = YES;
				GCC_WARN_UNUSED_VARIABLE = YES;
				MTL_ENABLE_DEBUG_INFO = INCLUDE_SOURCE;
				MTL_FAST_MATH = YES;
				ONLY_ACTIVE_ARCH = YES;
				SDKROOT = macosx;
			};
			name = Debug;
		};
		DAAD1D1C25B43ECF00F6902D /* Release */ = {
			isa = XCBuildConfiguration;
			baseConfigurationReference = DAF8E5F625B4402000E3FA43 /* Configuration.xcconfig */;
			buildSettings = {
				ALWAYS_SEARCH_USER_PATHS = NO;
				CLANG_ANALYZER_LOCALIZABILITY_NONLOCALIZED = YES;
				CLANG_ANALYZER_NONNULL = YES;
				CLANG_ANALYZER_NUMBER_OBJECT_CONVERSION = YES_AGGRESSIVE;
				CLANG_CXX_LANGUAGE_STANDARD = "gnu++17";
				CLANG_CXX_LIBRARY = "libc++";
				CLANG_ENABLE_MODULES = YES;
				CLANG_ENABLE_OBJC_ARC = YES;
				CLANG_ENABLE_OBJC_WEAK = YES;
				CLANG_WARN_BLOCK_CAPTURE_AUTORELEASING = YES;
				CLANG_WARN_BOOL_CONVERSION = YES;
				CLANG_WARN_COMMA = YES;
				CLANG_WARN_CONSTANT_CONVERSION = YES;
				CLANG_WARN_DEPRECATED_OBJC_IMPLEMENTATIONS = YES;
				CLANG_WARN_DIRECT_OBJC_ISA_USAGE = YES_ERROR;
				CLANG_WARN_DOCUMENTATION_COMMENTS = YES;
				CLANG_WARN_EMPTY_BODY = YES;
				CLANG_WARN_ENUM_CONVERSION = YES;
				CLANG_WARN_INFINITE_RECURSION = YES;
				CLANG_WARN_INT_CONVERSION = YES;
				CLANG_WARN_NON_LITERAL_NULL_CONVERSION = YES;
				CLANG_WARN_OBJC_IMPLICIT_RETAIN_SELF = YES;
				CLANG_WARN_OBJC_LITERAL_CONVERSION = YES;
				CLANG_WARN_OBJC_ROOT_CLASS = YES_ERROR;
				CLANG_WARN_QUOTED_INCLUDE_IN_FRAMEWORK_HEADER = YES;
				CLANG_WARN_RANGE_LOOP_ANALYSIS = YES;
				CLANG_WARN_STRICT_PROTOTYPES = YES;
				CLANG_WARN_SUSPICIOUS_MOVE = YES;
				CLANG_WARN_UNGUARDED_AVAILABILITY = YES_AGGRESSIVE;
				CLANG_WARN_UNREACHABLE_CODE = YES;
				CLANG_WARN__DUPLICATE_METHOD_MATCH = YES;
				COPY_PHASE_STRIP = NO;
				DEBUG_INFORMATION_FORMAT = "dwarf-with-dsym";
				ENABLE_NS_ASSERTIONS = NO;
				ENABLE_STRICT_OBJC_MSGSEND = YES;
				GCC_C_LANGUAGE_STANDARD = gnu11;
				GCC_NO_COMMON_BLOCKS = YES;
				GCC_WARN_64_TO_32_BIT_CONVERSION = YES;
				GCC_WARN_ABOUT_RETURN_TYPE = YES_ERROR;
				GCC_WARN_UNDECLARED_SELECTOR = YES;
				GCC_WARN_UNINITIALIZED_AUTOS = YES_AGGRESSIVE;
				GCC_WARN_UNUSED_FUNCTION = YES;
				GCC_WARN_UNUSED_VARIABLE = YES;
				MTL_ENABLE_DEBUG_INFO = NO;
				MTL_FAST_MATH = YES;
				SDKROOT = macosx;
			};
			name = Release;
		};
		DAAD1D1E25B43ECF00F6902D /* Debug */ = {
			isa = XCBuildConfiguration;
			buildSettings = {
				ASSETCATALOG_COMPILER_APPICON_NAME = AppIcon;
				ASSETCATALOG_COMPILER_GLOBAL_ACCENT_COLOR_NAME = AccentColor;
				CODE_SIGN_ENTITLEMENTS = DesktopTime/DesktopTime.entitlements;
				CODE_SIGN_IDENTITY = "Apple Development";
				CODE_SIGN_STYLE = Automatic;
				COMBINE_HIDPI_IMAGES = YES;
				DEVELOPMENT_TEAM = 5KESHV9W85;
				ENABLE_HARDENED_RUNTIME = YES;
				INFOPLIST_FILE = DesktopTime/Info.plist;
				LD_RUNPATH_SEARCH_PATHS = (
					"$(inherited)",
					"@executable_path/../Frameworks",
				);
				PRODUCT_BUNDLE_IDENTIFIER = "info.marcel-dierkes.DesktopTime";
				PRODUCT_NAME = "$(TARGET_NAME)";
			};
			name = Debug;
		};
		DAAD1D1F25B43ECF00F6902D /* Release */ = {
			isa = XCBuildConfiguration;
			buildSettings = {
				ASSETCATALOG_COMPILER_APPICON_NAME = AppIcon;
				ASSETCATALOG_COMPILER_GLOBAL_ACCENT_COLOR_NAME = AccentColor;
				CODE_SIGN_ENTITLEMENTS = DesktopTime/DesktopTime.entitlements;
				CODE_SIGN_IDENTITY = "Apple Development";
				CODE_SIGN_STYLE = Automatic;
				COMBINE_HIDPI_IMAGES = YES;
				DEVELOPMENT_TEAM = 5KESHV9W85;
				ENABLE_HARDENED_RUNTIME = YES;
				INFOPLIST_FILE = DesktopTime/Info.plist;
				LD_RUNPATH_SEARCH_PATHS = (
					"$(inherited)",
					"@executable_path/../Frameworks",
				);
				PRODUCT_BUNDLE_IDENTIFIER = "info.marcel-dierkes.DesktopTime";
				PRODUCT_NAME = "$(TARGET_NAME)";
			};
			name = Release;
		};
		DAAD1D3E25B43F0400F6902D /* Debug */ = {
			isa = XCBuildConfiguration;
			buildSettings = {
				CODE_SIGN_STYLE = Automatic;
				COMBINE_HIDPI_IMAGES = YES;
				DEFINES_MODULE = YES;
				DEVELOPMENT_TEAM = 5KESHV9W85;
				DYLIB_COMPATIBILITY_VERSION = 1;
				DYLIB_CURRENT_VERSION = 1;
				DYLIB_INSTALL_NAME_BASE = "@rpath";
				INFOPLIST_FILE = DesktopTimeKit/Info.plist;
				INSTALL_PATH = "$(LOCAL_LIBRARY_DIR)/Frameworks";
				LD_RUNPATH_SEARCH_PATHS = (
					"$(inherited)",
					"@executable_path/../Frameworks",
					"@loader_path/Frameworks",
				);
				PRODUCT_BUNDLE_IDENTIFIER = "info.marcel-dierkes.DesktopTimeKit";
				PRODUCT_NAME = "$(TARGET_NAME:c99extidentifier)";
				SKIP_INSTALL = YES;
				VERSIONING_SYSTEM = "apple-generic";
				VERSION_INFO_PREFIX = "";
			};
			name = Debug;
		};
		DAAD1D3F25B43F0400F6902D /* Release */ = {
			isa = XCBuildConfiguration;
			buildSettings = {
				CODE_SIGN_STYLE = Automatic;
				COMBINE_HIDPI_IMAGES = YES;
				DEFINES_MODULE = YES;
				DEVELOPMENT_TEAM = 5KESHV9W85;
				DYLIB_COMPATIBILITY_VERSION = 1;
				DYLIB_CURRENT_VERSION = 1;
				DYLIB_INSTALL_NAME_BASE = "@rpath";
				INFOPLIST_FILE = DesktopTimeKit/Info.plist;
				INSTALL_PATH = "$(LOCAL_LIBRARY_DIR)/Frameworks";
				LD_RUNPATH_SEARCH_PATHS = (
					"$(inherited)",
					"@executable_path/../Frameworks",
					"@loader_path/Frameworks",
				);
				PRODUCT_BUNDLE_IDENTIFIER = "info.marcel-dierkes.DesktopTimeKit";
				PRODUCT_NAME = "$(TARGET_NAME:c99extidentifier)";
				SKIP_INSTALL = YES;
				VERSIONING_SYSTEM = "apple-generic";
				VERSION_INFO_PREFIX = "";
			};
			name = Release;
		};
		DAAD1D4225B43F0400F6902D /* Debug */ = {
			isa = XCBuildConfiguration;
			buildSettings = {
				CODE_SIGN_STYLE = Automatic;
				COMBINE_HIDPI_IMAGES = YES;
				DEVELOPMENT_TEAM = 5KESHV9W85;
				INFOPLIST_FILE = DesktopTimeKitTests/Info.plist;
				LD_RUNPATH_SEARCH_PATHS = (
					"$(inherited)",
					"@executable_path/../Frameworks",
					"@loader_path/../Frameworks",
				);
				PRODUCT_BUNDLE_IDENTIFIER = "info.marcel-dierkes.DesktopTimeKitTests";
				PRODUCT_NAME = "$(TARGET_NAME)";
				TEST_HOST = "$(BUILT_PRODUCTS_DIR)/DesktopTime.app/Contents/MacOS/DesktopTime";
			};
			name = Debug;
		};
		DAAD1D4325B43F0400F6902D /* Release */ = {
			isa = XCBuildConfiguration;
			buildSettings = {
				CODE_SIGN_STYLE = Automatic;
				COMBINE_HIDPI_IMAGES = YES;
				DEVELOPMENT_TEAM = 5KESHV9W85;
				INFOPLIST_FILE = DesktopTimeKitTests/Info.plist;
				LD_RUNPATH_SEARCH_PATHS = (
					"$(inherited)",
					"@executable_path/../Frameworks",
					"@loader_path/../Frameworks",
				);
				PRODUCT_BUNDLE_IDENTIFIER = "info.marcel-dierkes.DesktopTimeKitTests";
				PRODUCT_NAME = "$(TARGET_NAME)";
				TEST_HOST = "$(BUILT_PRODUCTS_DIR)/DesktopTime.app/Contents/MacOS/DesktopTime";
			};
			name = Release;
		};
		DAC70DB825C49BEA009787A1 /* Debug */ = {
			isa = XCBuildConfiguration;
			buildSettings = {
				ASSETCATALOG_COMPILER_APPICON_NAME = AppIcon;
				ASSETCATALOG_COMPILER_GLOBAL_ACCENT_COLOR_NAME = AccentColor;
				CODE_SIGN_ENTITLEMENTS = DTIPreferences/DTIPreferences.entitlements;
				CODE_SIGN_STYLE = Automatic;
				COMBINE_HIDPI_IMAGES = YES;
				DEVELOPMENT_TEAM = 5KESHV9W85;
				ENABLE_HARDENED_RUNTIME = NO;
				INFOPLIST_FILE = DTIPreferences/Info.plist;
				LD_RUNPATH_SEARCH_PATHS = (
					"$(inherited)",
					"@executable_path/../Frameworks",
					"@executable_path/../../../../Frameworks",
				);
				PRODUCT_BUNDLE_IDENTIFIER = "info.marcel-dierkes.DesktopTime.Preferences";
				PRODUCT_NAME = "$(TARGET_NAME)";
			};
			name = Debug;
		};
		DAC70DB925C49BEA009787A1 /* Release */ = {
			isa = XCBuildConfiguration;
			buildSettings = {
				ASSETCATALOG_COMPILER_APPICON_NAME = AppIcon;
				ASSETCATALOG_COMPILER_GLOBAL_ACCENT_COLOR_NAME = AccentColor;
				CODE_SIGN_ENTITLEMENTS = DTIPreferences/DTIPreferences.entitlements;
				CODE_SIGN_STYLE = Automatic;
				COMBINE_HIDPI_IMAGES = YES;
				DEVELOPMENT_TEAM = 5KESHV9W85;
				ENABLE_HARDENED_RUNTIME = YES;
				INFOPLIST_FILE = DTIPreferences/Info.plist;
				LD_RUNPATH_SEARCH_PATHS = (
					"$(inherited)",
					"@executable_path/../Frameworks",
					"@executable_path/../../../../Frameworks",
				);
				PRODUCT_BUNDLE_IDENTIFIER = "info.marcel-dierkes.DesktopTime.Preferences";
				PRODUCT_NAME = "$(TARGET_NAME)";
			};
			name = Release;
		};
/* End XCBuildConfiguration section */

/* Begin XCConfigurationList section */
		DAAD1D0725B43ECE00F6902D /* Build configuration list for PBXProject "DesktopTime" */ = {
			isa = XCConfigurationList;
			buildConfigurations = (
				DAAD1D1B25B43ECF00F6902D /* Debug */,
				DAAD1D1C25B43ECF00F6902D /* Release */,
			);
			defaultConfigurationIsVisible = 0;
			defaultConfigurationName = Release;
		};
		DAAD1D1D25B43ECF00F6902D /* Build configuration list for PBXNativeTarget "DesktopTime" */ = {
			isa = XCConfigurationList;
			buildConfigurations = (
				DAAD1D1E25B43ECF00F6902D /* Debug */,
				DAAD1D1F25B43ECF00F6902D /* Release */,
			);
			defaultConfigurationIsVisible = 0;
			defaultConfigurationName = Release;
		};
		DAAD1D3D25B43F0400F6902D /* Build configuration list for PBXNativeTarget "DesktopTimeKit" */ = {
			isa = XCConfigurationList;
			buildConfigurations = (
				DAAD1D3E25B43F0400F6902D /* Debug */,
				DAAD1D3F25B43F0400F6902D /* Release */,
			);
			defaultConfigurationIsVisible = 0;
			defaultConfigurationName = Release;
		};
		DAAD1D4125B43F0400F6902D /* Build configuration list for PBXNativeTarget "DesktopTimeKitTests" */ = {
			isa = XCConfigurationList;
			buildConfigurations = (
				DAAD1D4225B43F0400F6902D /* Debug */,
				DAAD1D4325B43F0400F6902D /* Release */,
			);
			defaultConfigurationIsVisible = 0;
			defaultConfigurationName = Release;
		};
		DAC70DBA25C49BEA009787A1 /* Build configuration list for PBXNativeTarget "DesktopTime Preferences" */ = {
			isa = XCConfigurationList;
			buildConfigurations = (
				DAC70DB825C49BEA009787A1 /* Debug */,
				DAC70DB925C49BEA009787A1 /* Release */,
			);
			defaultConfigurationIsVisible = 0;
			defaultConfigurationName = Release;
		};
/* End XCConfigurationList section */
	};
	rootObject = DAAD1D0425B43ECE00F6902D /* Project object */;
}
